
Microsoft Visual Studio Solution File, Format Version 12.00
# Visual Studio Version 16
VisualStudioVersion = 16.0.32126.315
MinimumVisualStudioVersion = 10.0.40219.1
Project("{FAE04EC0-301F-11D3-BF4B-00C04F79EFBC}") = "NguyenMinhTri_20110422_LOGIN-BUOI1", "NguyenMinhTri_20110422_LOGIN-BUOI1.csproj", "{91C45DD8-00D7-46D9-BCDD-F177AD989D87}"
EndProject
Global
	GlobalSection(SolutionConfigurationPlatforms) = preSolution
		Debug|Any CPU = Debug|Any CPU
		Release|Any CPU = Release|Any CPU
	EndGlobalSection
	GlobalSection(ProjectConfigurationPlatforms) = postSolution
		{91C45DD8-00D7-46D9-BCDD-F177AD989D87}.Debug|Any CPU.ActiveCfg = Debug|Any CPU
		{91C45DD8-00D7-46D9-BCDD-F177AD989D87}.Debug|Any CPU.Build.0 = Debug|Any CPU
		{91C45DD8-00D7-46D9-BCDD-F177AD989D87}.Release|Any CPU.ActiveCfg = Release|Any CPU
		{91C45DD8-00D7-46D9-BCDD-F177AD989D87}.Release|Any CPU.Build.0 = Release|Any CPU
	EndGlobalSection
	GlobalSection(SolutionProperties) = preSolution
		HideSolutionNode = FALSE
	EndGlobalSection
	GlobalSection(ExtensibilityGlobals) = postSolution
		SolutionGuid = {2CAFAFAB-C9A5-407D-861D-F2CDA0646ABD}
	EndGlobalSection
EndGlobal
